{
  "name": "dla_kachelviewer",
  "version": "1.0.0",
  "lockfileVersion": 1,
  "requires": true,
  "dependencies": {
    "openseadragon": {
      "version": "2.3.0",
      "resolved": "https://registry.npmjs.org/openseadragon/-/openseadragon-2.3.0.tgz",
      "integrity": "sha1-iZ/j3lQ/9R1+Ftu7g//6ByCjshE=",
      "dev": true
    }
  }
}
